
Microsoft Visual Studio Solution File, Format Version 12.00
# Visual Studio 14
VisualStudioVersion = 14.0.24720.0
MinimumVisualStudioVersion = 10.0.40219.1
Project("{FAE04EC0-301F-11D3-BF4B-00C04F79EFBC}") = "TradeSharp.MarketDataProvider.IQFeed", "TradeSharp.MarketDataProvider.IQFeed\TradeSharp.MarketDataProvider.IQFeed.csproj", "{AD73ABB9-3812-4B97-8003-993502D32A28}"
EndProject
Project("{FAE04EC0-301F-11D3-BF4B-00C04F79EFBC}") = "TradeSharp.MarketDataProvider.IQFeed.Tests", "TradeSharp.MarketDataProvider.IQFeed.Tests\TradeSharp.MarketDataProvider.IQFeed.Tests.csproj", "{381D186F-4433-4B84-BA56-44889B9163D3}"
EndProject
Global
	GlobalSection(SolutionConfigurationPlatforms) = preSolution
		Debug|Any CPU = Debug|Any CPU
		Release|Any CPU = Release|Any CPU
	EndGlobalSection
	GlobalSection(ProjectConfigurationPlatforms) = postSolution
		{AD73ABB9-3812-4B97-8003-993502D32A28}.Debug|Any CPU.ActiveCfg = Debug|Any CPU
		{AD73ABB9-3812-4B97-8003-993502D32A28}.Debug|Any CPU.Build.0 = Debug|Any CPU
		{AD73ABB9-3812-4B97-8003-993502D32A28}.Release|Any CPU.ActiveCfg = Release|Any CPU
		{AD73ABB9-3812-4B97-8003-993502D32A28}.Release|Any CPU.Build.0 = Release|Any CPU
		{381D186F-4433-4B84-BA56-44889B9163D3}.Debug|Any CPU.ActiveCfg = Debug|Any CPU
		{381D186F-4433-4B84-BA56-44889B9163D3}.Debug|Any CPU.Build.0 = Debug|Any CPU
		{381D186F-4433-4B84-BA56-44889B9163D3}.Release|Any CPU.ActiveCfg = Release|Any CPU
		{381D186F-4433-4B84-BA56-44889B9163D3}.Release|Any CPU.Build.0 = Release|Any CPU
	EndGlobalSection
	GlobalSection(SolutionProperties) = preSolution
		HideSolutionNode = FALSE
	EndGlobalSection
EndGlobal
